
Microsoft Visual Studio Solution File, Format Version 12.00
# Visual Studio Version 16
VisualStudioVersion = 16.0.30717.126
MinimumVisualStudioVersion = 10.0.40219.1
Project("{FAE04EC0-301F-11D3-BF4B-00C04F79EFBC}") = "ISM.DES", "ISM.DES.csproj", "{FA1ADA58-2442-47E3-B508-3A9322F8109E}"
EndProject
Global
	GlobalSection(SolutionConfigurationPlatforms) = preSolution
		Debug|Any CPU = Debug|Any CPU
		Release|Any CPU = Release|Any CPU
	EndGlobalSection
	GlobalSection(ProjectConfigurationPlatforms) = postSolution
		{FA1ADA58-2442-47E3-B508-3A9322F8109E}.Debug|Any CPU.ActiveCfg = Debug|Any CPU
		{FA1ADA58-2442-47E3-B508-3A9322F8109E}.Debug|Any CPU.Build.0 = Debug|Any CPU
		{FA1ADA58-2442-47E3-B508-3A9322F8109E}.Release|Any CPU.ActiveCfg = Release|Any CPU
		{FA1ADA58-2442-47E3-B508-3A9322F8109E}.Release|Any CPU.Build.0 = Release|Any CPU
	EndGlobalSection
	GlobalSection(SolutionProperties) = preSolution
		HideSolutionNode = FALSE
	EndGlobalSection
	GlobalSection(ExtensibilityGlobals) = postSolution
		SolutionGuid = {B02C481E-75BE-48F4-8B2C-3B25D0FECE08}
	EndGlobalSection
EndGlobal
